
Microsoft Visual Studio Solution File, Format Version 12.00
# Visual Studio 15
VisualStudioVersion = 15.0.28010.2003
MinimumVisualStudioVersion = 10.0.40219.1
Project("{9A19103F-16F7-4668-BE54-9A1E7A4F7556}") = "AppleMusicAPI.NET", "AppleMusicAPI.NET\AppleMusicAPI.NET.csproj", "{D04322DC-398E-49A0-A4D4-9FF9ECC3F7F0}"
EndProject
Project("{9A19103F-16F7-4668-BE54-9A1E7A4F7556}") = "AppleMusicAPI.NET.Tests", "AppleMusicAPI.NET.Tests\AppleMusicAPI.NET.Tests.csproj", "{32BCEF55-2568-4370-8F37-EB284CE6739E}"
EndProject
Project("{9A19103F-16F7-4668-BE54-9A1E7A4F7556}") = "AppleMusicAPI.NET.Sample", "AppleMusicAPI.NET.Sample\AppleMusicAPI.NET.Sample.csproj", "{65D613D2-F4DE-41D5-9A4B-9340C365167E}"
EndProject
Project("{9A19103F-16F7-4668-BE54-9A1E7A4F7556}") = "AppleMusicAPI.NET.Models", "AppleMusicAPI.NET.Models\AppleMusicAPI.NET.Models.csproj", "{99F441DC-3DD9-4158-87AF-FC9E68376EF0}"
EndProject
Global
	GlobalSection(SolutionConfigurationPlatforms) = preSolution
		Debug|Any CPU = Debug|Any CPU
		Release|Any CPU = Release|Any CPU
	EndGlobalSection
	GlobalSection(ProjectConfigurationPlatforms) = postSolution
		{D04322DC-398E-49A0-A4D4-9FF9ECC3F7F0}.Debug|Any CPU.ActiveCfg = Debug|Any CPU
		{D04322DC-398E-49A0-A4D4-9FF9ECC3F7F0}.Debug|Any CPU.Build.0 = Debug|Any CPU
		{D04322DC-398E-49A0-A4D4-9FF9ECC3F7F0}.Release|Any CPU.ActiveCfg = Release|Any CPU
		{D04322DC-398E-49A0-A4D4-9FF9ECC3F7F0}.Release|Any CPU.Build.0 = Release|Any CPU
		{32BCEF55-2568-4370-8F37-EB284CE6739E}.Debug|Any CPU.ActiveCfg = Debug|Any CPU
		{32BCEF55-2568-4370-8F37-EB284CE6739E}.Debug|Any CPU.Build.0 = Debug|Any CPU
		{32BCEF55-2568-4370-8F37-EB284CE6739E}.Release|Any CPU.ActiveCfg = Release|Any CPU
		{32BCEF55-2568-4370-8F37-EB284CE6739E}.Release|Any CPU.Build.0 = Release|Any CPU
		{65D613D2-F4DE-41D5-9A4B-9340C365167E}.Debug|Any CPU.ActiveCfg = Debug|Any CPU
		{65D613D2-F4DE-41D5-9A4B-9340C365167E}.Debug|Any CPU.Build.0 = Debug|Any CPU
		{65D613D2-F4DE-41D5-9A4B-9340C365167E}.Release|Any CPU.ActiveCfg = Release|Any CPU
		{65D613D2-F4DE-41D5-9A4B-9340C365167E}.Release|Any CPU.Build.0 = Release|Any CPU
		{99F441DC-3DD9-4158-87AF-FC9E68376EF0}.Debug|Any CPU.ActiveCfg = Debug|Any CPU
		{99F441DC-3DD9-4158-87AF-FC9E68376EF0}.Debug|Any CPU.Build.0 = Debug|Any CPU
		{99F441DC-3DD9-4158-87AF-FC9E68376EF0}.Release|Any CPU.ActiveCfg = Release|Any CPU
		{99F441DC-3DD9-4158-87AF-FC9E68376EF0}.Release|Any CPU.Build.0 = Release|Any CPU
	EndGlobalSection
	GlobalSection(SolutionProperties) = preSolution
		HideSolutionNode = FALSE
	EndGlobalSection
	GlobalSection(ExtensibilityGlobals) = postSolution
		SolutionGuid = {8C4EC8E0-33D2-46F2-AADF-361B728019CB}
	EndGlobalSection
EndGlobal
